
Microsoft Visual Studio Solution File, Format Version 12.00
# Visual Studio Version 16
VisualStudioVersion = 16.0.28803.452
MinimumVisualStudioVersion = 10.0.40219.1
Project("{FAE04EC0-301F-11D3-BF4B-00C04F79EFBC}") = "EfOneToOneDemo", "EfOneToOneDemo\EfOneToOneDemo.csproj", "{F6969E50-377D-4997-893E-A17265F033A3}"
EndProject
Global
	GlobalSection(SolutionConfigurationPlatforms) = preSolution
		Debug|Any CPU = Debug|Any CPU
		Release|Any CPU = Release|Any CPU
	EndGlobalSection
	GlobalSection(ProjectConfigurationPlatforms) = postSolution
		{F6969E50-377D-4997-893E-A17265F033A3}.Debug|Any CPU.ActiveCfg = Debug|Any CPU
		{F6969E50-377D-4997-893E-A17265F033A3}.Debug|Any CPU.Build.0 = Debug|Any CPU
		{F6969E50-377D-4997-893E-A17265F033A3}.Release|Any CPU.ActiveCfg = Release|Any CPU
		{F6969E50-377D-4997-893E-A17265F033A3}.Release|Any CPU.Build.0 = Release|Any CPU
	EndGlobalSection
	GlobalSection(SolutionProperties) = preSolution
		HideSolutionNode = FALSE
	EndGlobalSection
	GlobalSection(ExtensibilityGlobals) = postSolution
		SolutionGuid = {5AED9535-CC02-4CF4-99E1-AF8359BC7938}
	EndGlobalSection
EndGlobal
